
Microsoft Visual Studio Solution File, Format Version 12.00
# Visual Studio Version 17
VisualStudioVersion = 17.11.35219.272
MinimumVisualStudioVersion = 10.0.40219.1
Project("{FAE04EC0-301F-11D3-BF4B-00C04F79EFBC}") = "PuertoSerie", "PuertoSerie\PuertoSerie.csproj", "{02A683F2-6B4F-497F-96C3-7BFCEB234BD2}"
EndProject
Global
	GlobalSection(SolutionConfigurationPlatforms) = preSolution
		Debug|Any CPU = Debug|Any CPU
		Release|Any CPU = Release|Any CPU
	EndGlobalSection
	GlobalSection(ProjectConfigurationPlatforms) = postSolution
		{02A683F2-6B4F-497F-96C3-7BFCEB234BD2}.Debug|Any CPU.ActiveCfg = Debug|Any CPU
		{02A683F2-6B4F-497F-96C3-7BFCEB234BD2}.Debug|Any CPU.Build.0 = Debug|Any CPU
		{02A683F2-6B4F-497F-96C3-7BFCEB234BD2}.Release|Any CPU.ActiveCfg = Release|Any CPU
		{02A683F2-6B4F-497F-96C3-7BFCEB234BD2}.Release|Any CPU.Build.0 = Release|Any CPU
	EndGlobalSection
	GlobalSection(SolutionProperties) = preSolution
		HideSolutionNode = FALSE
	EndGlobalSection
	GlobalSection(ExtensibilityGlobals) = postSolution
		SolutionGuid = {B00D3751-6467-42CD-A608-0D5EB09F98A1}
	EndGlobalSection
EndGlobal
